PODS:
  - CMPopTipView (2.2.0)
  - Kiwi (2.3.1)
  - ToolTipNavigation (1.0.2):
    - CMPopTipView

DEPENDENCIES:
  - Kiwi
  - ToolTipNavigation (from `./`)

EXTERNAL SOURCES:
  ToolTipNavigation:
    :path: ./

SPEC CHECKSUMS:
  CMPopTipView: a0a88404b9f46a5cfc16ce54bdb1b9bf9acb9aff
  Kiwi: f038a6c61f7a9e4d7766bff5717aa3b3fdb75f55
  ToolTipNavigation: de3cab6ea75285376897fb822f6e52d35ad8042e

PODFILE CHECKSUM: 76bbbecbcda6a2fae6f69f3974fa5c2533905314

COCOAPODS: 1.3.1
